
Microsoft Visual Studio Solution File, Format Version 12.00
# Visual Studio Version 16
VisualStudioVersion = 16.0.28407.52
MinimumVisualStudioVersion = 10.0.40219.1
Project("{2150E333-8FDC-42A3-9474-1A3956D46DE8}") = "Forms", "Forms", "{04E347D4-FA28-4AA7-8CE2-EE2C90EA3B4D}"
EndProject
Project("{2150E333-8FDC-42A3-9474-1A3956D46DE8}") = "Classic", "Classic", "{6AC97043-4BAA-4D6D-B206-69468B6A6640}"
EndProject
Project("{FAE04EC0-301F-11D3-BF4B-00C04F79EFBC}") = "Books.UWP", "Books\Books.UWP\Books.UWP.csproj", "{D958D88E-F4F1-4408-9AC3-85A812FE714A}"
EndProject
Project("{FAE04EC0-301F-11D3-BF4B-00C04F79EFBC}") = "Books.Android", "Books\Books.Android\Books.Android.csproj", "{C3B0BA01-E3DA-4A6F-AA09-3CDEACDB2C44}"
EndProject
Project("{FAE04EC0-301F-11D3-BF4B-00C04F79EFBC}") = "Books.iOS", "Books\Books.iOS\Books.iOS.csproj", "{4C322AD8-3062-4EB5-8E2E-7E5E83829D25}"
EndProject
Project("{FAE04EC0-301F-11D3-BF4B-00C04F79EFBC}") = "Books", "Books\Books\Books.csproj", "{521583C3-CFDE-4D65-A7A6-ED5D973D5A63}"
EndProject
Global
	GlobalSection(SolutionConfigurationPlatforms) = preSolution
		Ad-Hoc|Any CPU = Ad-Hoc|Any CPU
		Ad-Hoc|ARM = Ad-Hoc|ARM
		Ad-Hoc|iPhone = Ad-Hoc|iPhone
		Ad-Hoc|iPhoneSimulator = Ad-Hoc|iPhoneSimulator
		Ad-Hoc|x64 = Ad-Hoc|x64
		Ad-Hoc|x86 = Ad-Hoc|x86
		AppStore|Any CPU = AppStore|Any CPU
		AppStore|ARM = AppStore|ARM
		AppStore|iPhone = AppStore|iPhone
		AppStore|iPhoneSimulator = AppStore|iPhoneSimulator
		AppStore|x64 = AppStore|x64
		AppStore|x86 = AppStore|x86
		Debug|Any CPU = Debug|Any CPU
		Debug|ARM = Debug|ARM
		Debug|iPhone = Debug|iPhone
		Debug|iPhoneSimulator = Debug|iPhoneSimulator
		Debug|x64 = Debug|x64
		Debug|x86 = Debug|x86
		Release|Any CPU = Release|Any CPU
		Release|ARM = Release|ARM
		Release|iPhone = Release|iPhone
		Release|iPhoneSimulator = Release|iPhoneSimulator
		Release|x64 = Release|x64
		Release|x86 = Release|x86
	EndGlobalSection
	GlobalSection(ProjectConfigurationPlatforms) = postSolution
		{D958D88E-F4F1-4408-9AC3-85A812FE714A}.Ad-Hoc|Any CPU.ActiveCfg = Release|x86
		{D958D88E-F4F1-4408-9AC3-85A812FE714A}.Ad-Hoc|Any CPU.Build.0 = Release|x86
		{D958D88E-F4F1-4408-9AC3-85A812FE714A}.Ad-Hoc|Any CPU.Deploy.0 = Release|x86
		{D958D88E-F4F1-4408-9AC3-85A812FE714A}.Ad-Hoc|ARM.ActiveCfg = Release|ARM
		{D958D88E-F4F1-4408-9AC3-85A812FE714A}.Ad-Hoc|ARM.Build.0 = Release|ARM
		{D958D88E-F4F1-4408-9AC3-85A812FE714A}.Ad-Hoc|ARM.Deploy.0 = Release|ARM
		{D958D88E-F4F1-4408-9AC3-85A812FE714A}.Ad-Hoc|iPhone.ActiveCfg = Release|x86
		{D958D88E-F4F1-4408-9AC3-85A812FE714A}.Ad-Hoc|iPhone.Build.0 = Release|x86
		{D958D88E-F4F1-4408-9AC3-85A812FE714A}.Ad-Hoc|iPhone.Deploy.0 = Release|x86
		{D958D88E-F4F1-4408-9AC3-85A812FE714A}.Ad-Hoc|iPhoneSimulator.ActiveCfg = Release|x86
		{D958D88E-F4F1-4408-9AC3-85A812FE714A}.Ad-Hoc|iPhoneSimulator.Build.0 = Release|x86
		{D958D88E-F4F1-4408-9AC3-85A812FE714A}.Ad-Hoc|iPhoneSimulator.Deploy.0 = Release|x86
		{D958D88E-F4F1-4408-9AC3-85A812FE714A}.Ad-Hoc|x64.ActiveCfg = Release|x64
		{D958D88E-F4F1-4408-9AC3-85A812FE714A}.Ad-Hoc|x64.Build.0 = Release|x64
		{D958D88E-F4F1-4408-9AC3-85A812FE714A}.Ad-Hoc|x64.Deploy.0 = Release|x64
		{D958D88E-F4F1-4408-9AC3-85A812FE714A}.Ad-Hoc|x86.ActiveCfg = Release|x86
		{D958D88E-F4F1-4408-9AC3-85A812FE714A}.Ad-Hoc|x86.Build.0 = Release|x86
		{D958D88E-F4F1-4408-9AC3-85A812FE714A}.Ad-Hoc|x86.Deploy.0 = Release|x86
		{D958D88E-F4F1-4408-9AC3-85A812FE714A}.AppStore|Any CPU.ActiveCfg = Release|x86
		{D958D88E-F4F1-4408-9AC3-85A812FE714A}.AppStore|Any CPU.Build.0 = Release|x86
		{D958D88E-F4F1-4408-9AC3-85A812FE714A}.AppStore|Any CPU.Deploy.0 = Release|x86
		{D958D88E-F4F1-4408-9AC3-85A812FE714A}.AppStore|ARM.ActiveCfg = Release|ARM
		{D958D88E-F4F1-4408-9AC3-85A812FE714A}.AppStore|ARM.Build.0 = Release|ARM
		{D958D88E-F4F1-4408-9AC3-85A812FE714A}.AppStore|ARM.Deploy.0 = Release|ARM
		{D958D88E-F4F1-4408-9AC3-85A812FE714A}.AppStore|iPhone.ActiveCfg = Release|x86
		{D958D88E-F4F1-4408-9AC3-85A812FE714A}.AppStore|iPhone.Build.0 = Release|x86
		{D958D88E-F4F1-4408-9AC3-85A812FE714A}.AppStore|iPhone.Deploy.0 = Release|x86
		{D958D88E-F4F1-4408-9AC3-85A812FE714A}.AppStore|iPhoneSimulator.ActiveCfg = Release|x86
		{D958D88E-F4F1-4408-9AC3-85A812FE714A}.AppStore|iPhoneSimulator.Build.0 = Release|x86
		{D958D88E-F4F1-4408-9AC3-85A812FE714A}.AppStore|iPhoneSimulator.Deploy.0 = Release|x86
		{D958D88E-F4F1-4408-9AC3-85A812FE714A}.AppStore|x64.ActiveCfg = Release|x64
		{D958D88E-F4F1-4408-9AC3-85A812FE714A}.AppStore|x64.Build.0 = Release|x64
		{D958D88E-F4F1-4408-9AC3-85A812FE714A}.AppStore|x64.Deploy.0 = Release|x64
		{D958D88E-F4F1-4408-9AC3-85A812FE714A}.AppStore|x86.ActiveCfg = Release|x86
		{D958D88E-F4F1-4408-9AC3-85A812FE714A}.AppStore|x86.Build.0 = Release|x86
		{D958D88E-F4F1-4408-9AC3-85A812FE714A}.AppStore|x86.Deploy.0 = Release|x86
		{D958D88E-F4F1-4408-9AC3-85A812FE714A}.Debug|Any CPU.ActiveCfg = Debug|x86
		{D958D88E-F4F1-4408-9AC3-85A812FE714A}.Debug|ARM.ActiveCfg = Debug|ARM
		{D958D88E-F4F1-4408-9AC3-85A812FE714A}.Debug|ARM.Build.0 = Debug|ARM
		{D958D88E-F4F1-4408-9AC3-85A812FE714A}.Debug|ARM.Deploy.0 = Debug|ARM
		{D958D88E-F4F1-4408-9AC3-85A812FE714A}.Debug|iPhone.ActiveCfg = Debug|x86
		{D958D88E-F4F1-4408-9AC3-85A812FE714A}.Debug|iPhoneSimulator.ActiveCfg = Debug|x86
		{D958D88E-F4F1-4408-9AC3-85A812FE714A}.Debug|x64.ActiveCfg = Debug|x64
		{D958D88E-F4F1-4408-9AC3-85A812FE714A}.Debug|x64.Build.0 = Debug|x64
		{D958D88E-F4F1-4408-9AC3-85A812FE714A}.Debug|x64.Deploy.0 = Debug|x64
		{D958D88E-F4F1-4408-9AC3-85A812FE714A}.Debug|x86.ActiveCfg = Debug|x86
		{D958D88E-F4F1-4408-9AC3-85A812FE714A}.Debug|x86.Build.0 = Debug|x86
		{D958D88E-F4F1-4408-9AC3-85A812FE714A}.Debug|x86.Deploy.0 = Debug|x86
		{D958D88E-F4F1-4408-9AC3-85A812FE714A}.Release|Any CPU.ActiveCfg = Release|x86
		{D958D88E-F4F1-4408-9AC3-85A812FE714A}.Release|ARM.ActiveCfg = Release|ARM
		{D958D88E-F4F1-4408-9AC3-85A812FE714A}.Release|ARM.Build.0 = Release|ARM
		{D958D88E-F4F1-4408-9AC3-85A812FE714A}.Release|ARM.Deploy.0 = Release|ARM
		{D958D88E-F4F1-4408-9AC3-85A812FE714A}.Release|iPhone.ActiveCfg = Release|x86
		{D958D88E-F4F1-4408-9AC3-85A812FE714A}.Release|iPhoneSimulator.ActiveCfg = Release|x86
		{D958D88E-F4F1-4408-9AC3-85A812FE714A}.Release|x64.ActiveCfg = Release|x64
		{D958D88E-F4F1-4408-9AC3-85A812FE714A}.Release|x64.Build.0 = Release|x64
		{D958D88E-F4F1-4408-9AC3-85A812FE714A}.Release|x64.Deploy.0 = Release|x64
		{D958D88E-F4F1-4408-9AC3-85A812FE714A}.Release|x86.ActiveCfg = Release|x86
		{D958D88E-F4F1-4408-9AC3-85A812FE714A}.Release|x86.Build.0 = Release|x86
		{D958D88E-F4F1-4408-9AC3-85A812FE714A}.Release|x86.Deploy.0 = Release|x86
		{C3B0BA01-E3DA-4A6F-AA09-3CDEACDB2C44}.Ad-Hoc|Any CPU.ActiveCfg = Release|Any CPU
		{C3B0BA01-E3DA-4A6F-AA09-3CDEACDB2C44}.Ad-Hoc|Any CPU.Build.0 = Release|Any CPU
		{C3B0BA01-E3DA-4A6F-AA09-3CDEACDB2C44}.Ad-Hoc|Any CPU.Deploy.0 = Release|Any CPU
		{C3B0BA01-E3DA-4A6F-AA09-3CDEACDB2C44}.Ad-Hoc|ARM.ActiveCfg = Release|Any CPU
		{C3B0BA01-E3DA-4A6F-AA09-3CDEACDB2C44}.Ad-Hoc|ARM.Build.0 = Release|Any CPU
		{C3B0BA01-E3DA-4A6F-AA09-3CDEACDB2C44}.Ad-Hoc|ARM.Deploy.0 = Release|Any CPU
		{C3B0BA01-E3DA-4A6F-AA09-3CDEACDB2C44}.Ad-Hoc|iPhone.ActiveCfg = Release|Any CPU
		{C3B0BA01-E3DA-4A6F-AA09-3CDEACDB2C44}.Ad-Hoc|iPhone.Build.0 = Release|Any CPU
		{C3B0BA01-E3DA-4A6F-AA09-3CDEACDB2C44}.Ad-Hoc|iPhone.Deploy.0 = Release|Any CPU
		{C3B0BA01-E3DA-4A6F-AA09-3CDEACDB2C44}.Ad-Hoc|iPhoneSimulator.ActiveCfg = Release|Any CPU
		{C3B0BA01-E3DA-4A6F-AA09-3CDEACDB2C44}.Ad-Hoc|iPhoneSimulator.Build.0 = Release|Any CPU
		{C3B0BA01-E3DA-4A6F-AA09-3CDEACDB2C44}.Ad-Hoc|iPhoneSimulator.Deploy.0 = Release|Any CPU
		{C3B0BA01-E3DA-4A6F-AA09-3CDEACDB2C44}.Ad-Hoc|x64.ActiveCfg = Release|Any CPU
		{C3B0BA01-E3DA-4A6F-AA09-3CDEACDB2C44}.Ad-Hoc|x64.Build.0 = Release|Any CPU
		{C3B0BA01-E3DA-4A6F-AA09-3CDEACDB2C44}.Ad-Hoc|x64.Deploy.0 = Release|Any CPU
		{C3B0BA01-E3DA-4A6F-AA09-3CDEACDB2C44}.Ad-Hoc|x86.ActiveCfg = Release|Any CPU
		{C3B0BA01-E3DA-4A6F-AA09-3CDEACDB2C44}.Ad-Hoc|x86.Build.0 = Release|Any CPU
		{C3B0BA01-E3DA-4A6F-AA09-3CDEACDB2C44}.Ad-Hoc|x86.Deploy.0 = Release|Any CPU
		{C3B0BA01-E3DA-4A6F-AA09-3CDEACDB2C44}.AppStore|Any CPU.ActiveCfg = Release|Any CPU
		{C3B0BA01-E3DA-4A6F-AA09-3CDEACDB2C44}.AppStore|Any CPU.Build.0 = Release|Any CPU
		{C3B0BA01-E3DA-4A6F-AA09-3CDEACDB2C44}.AppStore|Any CPU.Deploy.0 = Release|Any CPU
		{C3B0BA01-E3DA-4A6F-AA09-3CDEACDB2C44}.AppStore|ARM.ActiveCfg = Release|Any CPU
		{C3B0BA01-E3DA-4A6F-AA09-3CDEACDB2C44}.AppStore|ARM.Build.0 = Release|Any CPU
		{C3B0BA01-E3DA-4A6F-AA09-3CDEACDB2C44}.AppStore|ARM.Deploy.0 = Release|Any CPU
		{C3B0BA01-E3DA-4A6F-AA09-3CDEACDB2C44}.AppStore|iPhone.ActiveCfg = Release|Any CPU
		{C3B0BA01-E3DA-4A6F-AA09-3CDEACDB2C44}.AppStore|iPhone.Build.0 = Release|Any CPU
		{C3B0BA01-E3DA-4A6F-AA09-3CDEACDB2C44}.AppStore|iPhone.Deploy.0 = Release|Any CPU
		{C3B0BA01-E3DA-4A6F-AA09-3CDEACDB2C44}.AppStore|iPhoneSimulator.ActiveCfg = Release|Any CPU
		{C3B0BA01-E3DA-4A6F-AA09-3CDEACDB2C44}.AppStore|iPhoneSimulator.Build.0 = Release|Any CPU
		{C3B0BA01-E3DA-4A6F-AA09-3CDEACDB2C44}.AppStore|iPhoneSimulator.Deploy.0 = Release|Any CPU
		{C3B0BA01-E3DA-4A6F-AA09-3CDEACDB2C44}.AppStore|x64.ActiveCfg = Release|Any CPU
		{C3B0BA01-E3DA-4A6F-AA09-3CDEACDB2C44}.AppStore|x64.Build.0 = Release|Any CPU
		{C3B0BA01-E3DA-4A6F-AA09-3CDEACDB2C44}.AppStore|x64.Deploy.0 = Release|Any CPU
		{C3B0BA01-E3DA-4A6F-AA09-3CDEACDB2C44}.AppStore|x86.ActiveCfg = Release|Any CPU
		{C3B0BA01-E3DA-4A6F-AA09-3CDEACDB2C44}.AppStore|x86.Build.0 = Release|Any CPU
		{C3B0BA01-E3DA-4A6F-AA09-3CDEACDB2C44}.AppStore|x86.Deploy.0 = Release|Any CPU
		{C3B0BA01-E3DA-4A6F-AA09-3CDEACDB2C44}.Debug|Any CPU.ActiveCfg = Debug|Any CPU
		{C3B0BA01-E3DA-4A6F-AA09-3CDEACDB2C44}.Debug|Any CPU.Build.0 = Debug|Any CPU
		{C3B0BA01-E3DA-4A6F-AA09-3CDEACDB2C44}.Debug|Any CPU.Deploy.0 = Debug|Any CPU
		{C3B0BA01-E3DA-4A6F-AA09-3CDEACDB2C44}.Debug|ARM.ActiveCfg = Debug|Any CPU
		{C3B0BA01-E3DA-4A6F-AA09-3CDEACDB2C44}.Debug|ARM.Build.0 = Debug|Any CPU
		{C3B0BA01-E3DA-4A6F-AA09-3CDEACDB2C44}.Debug|ARM.Deploy.0 = Debug|Any CPU
		{C3B0BA01-E3DA-4A6F-AA09-3CDEACDB2C44}.Debug|iPhone.ActiveCfg = Debug|Any CPU
		{C3B0BA01-E3DA-4A6F-AA09-3CDEACDB2C44}.Debug|iPhone.Build.0 = Debug|Any CPU
		{C3B0BA01-E3DA-4A6F-AA09-3CDEACDB2C44}.Debug|iPhone.Deploy.0 = Debug|Any CPU
		{C3B0BA01-E3DA-4A6F-AA09-3CDEACDB2C44}.Debug|iPhoneSimulator.ActiveCfg = Debug|Any CPU
		{C3B0BA01-E3DA-4A6F-AA09-3CDEACDB2C44}.Debug|iPhoneSimulator.Build.0 = Debug|Any CPU
		{C3B0BA01-E3DA-4A6F-AA09-3CDEACDB2C44}.Debug|iPhoneSimulator.Deploy.0 = Debug|Any CPU
		{C3B0BA01-E3DA-4A6F-AA09-3CDEACDB2C44}.Debug|x64.ActiveCfg = Debug|Any CPU
		{C3B0BA01-E3DA-4A6F-AA09-3CDEACDB2C44}.Debug|x64.Build.0 = Debug|Any CPU
		{C3B0BA01-E3DA-4A6F-AA09-3CDEACDB2C44}.Debug|x64.Deploy.0 = Debug|Any CPU
		{C3B0BA01-E3DA-4A6F-AA09-3CDEACDB2C44}.Debug|x86.ActiveCfg = Debug|Any CPU
		{C3B0BA01-E3DA-4A6F-AA09-3CDEACDB2C44}.Debug|x86.Build.0 = Debug|Any CPU
		{C3B0BA01-E3DA-4A6F-AA09-3CDEACDB2C44}.Debug|x86.Deploy.0 = Debug|Any CPU
		{C3B0BA01-E3DA-4A6F-AA09-3CDEACDB2C44}.Release|Any CPU.ActiveCfg = Release|Any CPU
		{C3B0BA01-E3DA-4A6F-AA09-3CDEACDB2C44}.Release|Any CPU.Build.0 = Release|Any CPU
		{C3B0BA01-E3DA-4A6F-AA09-3CDEACDB2C44}.Release|Any CPU.Deploy.0 = Release|Any CPU
		{C3B0BA01-E3DA-4A6F-AA09-3CDEACDB2C44}.Release|ARM.ActiveCfg = Release|Any CPU
		{C3B0BA01-E3DA-4A6F-AA09-3CDEACDB2C44}.Release|ARM.Build.0 = Release|Any CPU
		{C3B0BA01-E3DA-4A6F-AA09-3CDEACDB2C44}.Release|ARM.Deploy.0 = Release|Any CPU
		{C3B0BA01-E3DA-4A6F-AA09-3CDEACDB2C44}.Release|iPhone.ActiveCfg = Release|Any CPU
		{C3B0BA01-E3DA-4A6F-AA09-3CDEACDB2C44}.Release|iPhone.Build.0 = Release|Any CPU
		{C3B0BA01-E3DA-4A6F-AA09-3CDEACDB2C44}.Release|iPhone.Deploy.0 = Release|Any CPU
		{C3B0BA01-E3DA-4A6F-AA09-3CDEACDB2C44}.Release|iPhoneSimulator.ActiveCfg = Release|Any CPU
		{C3B0BA01-E3DA-4A6F-AA09-3CDEACDB2C44}.Release|iPhoneSimulator.Build.0 = Release|Any CPU
		{C3B0BA01-E3DA-4A6F-AA09-3CDEACDB2C44}.Release|iPhoneSimulator.Deploy.0 = Release|Any CPU
		{C3B0BA01-E3DA-4A6F-AA09-3CDEACDB2C44}.Release|x64.ActiveCfg = Release|Any CPU
		{C3B0BA01-E3DA-4A6F-AA09-3CDEACDB2C44}.Release|x64.Build.0 = Release|Any CPU
		{C3B0BA01-E3DA-4A6F-AA09-3CDEACDB2C44}.Release|x64.Deploy.0 = Release|Any CPU
		{C3B0BA01-E3DA-4A6F-AA09-3CDEACDB2C44}.Release|x86.ActiveCfg = Release|Any CPU
		{C3B0BA01-E3DA-4A6F-AA09-3CDEACDB2C44}.Release|x86.Build.0 = Release|Any CPU
		{C3B0BA01-E3DA-4A6F-AA09-3CDEACDB2C44}.Release|x86.Deploy.0 = Release|Any CPU
		{4C322AD8-3062-4EB5-8E2E-7E5E83829D25}.Ad-Hoc|Any CPU.ActiveCfg = Ad-Hoc|iPhone
		{4C322AD8-3062-4EB5-8E2E-7E5E83829D25}.Ad-Hoc|ARM.ActiveCfg = Ad-Hoc|iPhone
		{4C322AD8-3062-4EB5-8E2E-7E5E83829D25}.Ad-Hoc|iPhone.ActiveCfg = Ad-Hoc|iPhone
		{4C322AD8-3062-4EB5-8E2E-7E5E83829D25}.Ad-Hoc|iPhone.Build.0 = Ad-Hoc|iPhone
		{4C322AD8-3062-4EB5-8E2E-7E5E83829D25}.Ad-Hoc|iPhoneSimulator.ActiveCfg = Ad-Hoc|iPhoneSimulator
		{4C322AD8-3062-4EB5-8E2E-7E5E83829D25}.Ad-Hoc|iPhoneSimulator.Build.0 = Ad-Hoc|iPhoneSimulator
		{4C322AD8-3062-4EB5-8E2E-7E5E83829D25}.Ad-Hoc|x64.ActiveCfg = Ad-Hoc|iPhone
		{4C322AD8-3062-4EB5-8E2E-7E5E83829D25}.Ad-Hoc|x86.ActiveCfg = Ad-Hoc|iPhone
		{4C322AD8-3062-4EB5-8E2E-7E5E83829D25}.AppStore|Any CPU.ActiveCfg = AppStore|iPhone
		{4C322AD8-3062-4EB5-8E2E-7E5E83829D25}.AppStore|ARM.ActiveCfg = AppStore|iPhone
		{4C322AD8-3062-4EB5-8E2E-7E5E83829D25}.AppStore|iPhone.ActiveCfg = AppStore|iPhone
		{4C322AD8-3062-4EB5-8E2E-7E5E83829D25}.AppStore|iPhone.Build.0 = AppStore|iPhone
		{4C322AD8-3062-4EB5-8E2E-7E5E83829D25}.AppStore|iPhoneSimulator.ActiveCfg = AppStore|iPhoneSimulator
		{4C322AD8-3062-4EB5-8E2E-7E5E83829D25}.AppStore|iPhoneSimulator.Build.0 = AppStore|iPhoneSimulator
		{4C322AD8-3062-4EB5-8E2E-7E5E83829D25}.AppStore|x64.ActiveCfg = AppStore|iPhone
		{4C322AD8-3062-4EB5-8E2E-7E5E83829D25}.AppStore|x86.ActiveCfg = AppStore|iPhone
		{4C322AD8-3062-4EB5-8E2E-7E5E83829D25}.Debug|Any CPU.ActiveCfg = Debug|iPhone
		{4C322AD8-3062-4EB5-8E2E-7E5E83829D25}.Debug|ARM.ActiveCfg = Debug|iPhone
		{4C322AD8-3062-4EB5-8E2E-7E5E83829D25}.Debug|iPhone.ActiveCfg = Debug|iPhone
		{4C322AD8-3062-4EB5-8E2E-7E5E83829D25}.Debug|iPhone.Build.0 = Debug|iPhone
		{4C322AD8-3062-4EB5-8E2E-7E5E83829D25}.Debug|iPhoneSimulator.ActiveCfg = Debug|iPhoneSimulator
		{4C322AD8-3062-4EB5-8E2E-7E5E83829D25}.Debug|iPhoneSimulator.Build.0 = Debug|iPhoneSimulator
		{4C322AD8-3062-4EB5-8E2E-7E5E83829D25}.Debug|x64.ActiveCfg = Debug|iPhone
		{4C322AD8-3062-4EB5-8E2E-7E5E83829D25}.Debug|x86.ActiveCfg = Debug|iPhone
		{4C322AD8-3062-4EB5-8E2E-7E5E83829D25}.Release|Any CPU.ActiveCfg = Release|iPhone
		{4C322AD8-3062-4EB5-8E2E-7E5E83829D25}.Release|ARM.ActiveCfg = Release|iPhone
		{4C322AD8-3062-4EB5-8E2E-7E5E83829D25}.Release|iPhone.ActiveCfg = Release|iPhone
		{4C322AD8-3062-4EB5-8E2E-7E5E83829D25}.Release|iPhone.Build.0 = Release|iPhone
		{4C322AD8-3062-4EB5-8E2E-7E5E83829D25}.Release|iPhoneSimulator.ActiveCfg = Release|iPhoneSimulator
		{4C322AD8-3062-4EB5-8E2E-7E5E83829D25}.Release|iPhoneSimulator.Build.0 = Release|iPhoneSimulator
		{4C322AD8-3062-4EB5-8E2E-7E5E83829D25}.Release|x64.ActiveCfg = Release|iPhone
		{4C322AD8-3062-4EB5-8E2E-7E5E83829D25}.Release|x86.ActiveCfg = Release|iPhone
		{521583C3-CFDE-4D65-A7A6-ED5D973D5A63}.Ad-Hoc|Any CPU.ActiveCfg = Debug|Any CPU
		{521583C3-CFDE-4D65-A7A6-ED5D973D5A63}.Ad-Hoc|Any CPU.Build.0 = Debug|Any CPU
		{521583C3-CFDE-4D65-A7A6-ED5D973D5A63}.Ad-Hoc|ARM.ActiveCfg = Debug|Any CPU
		{521583C3-CFDE-4D65-A7A6-ED5D973D5A63}.Ad-Hoc|ARM.Build.0 = Debug|Any CPU
		{521583C3-CFDE-4D65-A7A6-ED5D973D5A63}.Ad-Hoc|iPhone.ActiveCfg = Debug|Any CPU
		{521583C3-CFDE-4D65-A7A6-ED5D973D5A63}.Ad-Hoc|iPhone.Build.0 = Debug|Any CPU
		{521583C3-CFDE-4D65-A7A6-ED5D973D5A63}.Ad-Hoc|iPhoneSimulator.ActiveCfg = Debug|Any CPU
		{521583C3-CFDE-4D65-A7A6-ED5D973D5A63}.Ad-Hoc|iPhoneSimulator.Build.0 = Debug|Any CPU
		{521583C3-CFDE-4D65-A7A6-ED5D973D5A63}.Ad-Hoc|x64.ActiveCfg = Debug|Any CPU
		{521583C3-CFDE-4D65-A7A6-ED5D973D5A63}.Ad-Hoc|x64.Build.0 = Debug|Any CPU
		{521583C3-CFDE-4D65-A7A6-ED5D973D5A63}.Ad-Hoc|x86.ActiveCfg = Debug|Any CPU
		{521583C3-CFDE-4D65-A7A6-ED5D973D5A63}.Ad-Hoc|x86.Build.0 = Debug|Any CPU
		{521583C3-CFDE-4D65-A7A6-ED5D973D5A63}.AppStore|Any CPU.ActiveCfg = Debug|Any CPU
		{521583C3-CFDE-4D65-A7A6-ED5D973D5A63}.AppStore|Any CPU.Build.0 = Debug|Any CPU
		{521583C3-CFDE-4D65-A7A6-ED5D973D5A63}.AppStore|ARM.ActiveCfg = Debug|Any CPU
		{521583C3-CFDE-4D65-A7A6-ED5D973D5A63}.AppStore|ARM.Build.0 = Debug|Any CPU
		{521583C3-CFDE-4D65-A7A6-ED5D973D5A63}.AppStore|iPhone.ActiveCfg = Debug|Any CPU
		{521583C3-CFDE-4D65-A7A6-ED5D973D5A63}.AppStore|iPhone.Build.0 = Debug|Any CPU
		{521583C3-CFDE-4D65-A7A6-ED5D973D5A63}.AppStore|iPhoneSimulator.ActiveCfg = Debug|Any CPU
		{521583C3-CFDE-4D65-A7A6-ED5D973D5A63}.AppStore|iPhoneSimulator.Build.0 = Debug|Any CPU
		{521583C3-CFDE-4D65-A7A6-ED5D973D5A63}.AppStore|x64.ActiveCfg = Debug|Any CPU
		{521583C3-CFDE-4D65-A7A6-ED5D973D5A63}.AppStore|x64.Build.0 = Debug|Any CPU
		{521583C3-CFDE-4D65-A7A6-ED5D973D5A63}.AppStore|x86.ActiveCfg = Debug|Any CPU
		{521583C3-CFDE-4D65-A7A6-ED5D973D5A63}.AppStore|x86.Build.0 = Debug|Any CPU
		{521583C3-CFDE-4D65-A7A6-ED5D973D5A63}.Debug|Any CPU.ActiveCfg = Debug|Any CPU
		{521583C3-CFDE-4D65-A7A6-ED5D973D5A63}.Debug|Any CPU.Build.0 = Debug|Any CPU
		{521583C3-CFDE-4D65-A7A6-ED5D973D5A63}.Debug|ARM.ActiveCfg = Debug|Any CPU
		{521583C3-CFDE-4D65-A7A6-ED5D973D5A63}.Debug|ARM.Build.0 = Debug|Any CPU
		{521583C3-CFDE-4D65-A7A6-ED5D973D5A63}.Debug|iPhone.ActiveCfg = Debug|Any CPU
		{521583C3-CFDE-4D65-A7A6-ED5D973D5A63}.Debug|iPhone.Build.0 = Debug|Any CPU
		{521583C3-CFDE-4D65-A7A6-ED5D973D5A63}.Debug|iPhoneSimulator.ActiveCfg = Debug|Any CPU
		{521583C3-CFDE-4D65-A7A6-ED5D973D5A63}.Debug|iPhoneSimulator.Build.0 = Debug|Any CPU
		{521583C3-CFDE-4D65-A7A6-ED5D973D5A63}.Debug|x64.ActiveCfg = Debug|Any CPU
		{521583C3-CFDE-4D65-A7A6-ED5D973D5A63}.Debug|x64.Build.0 = Debug|Any CPU
		{521583C3-CFDE-4D65-A7A6-ED5D973D5A63}.Debug|x86.ActiveCfg = Debug|Any CPU
		{521583C3-CFDE-4D65-A7A6-ED5D973D5A63}.Debug|x86.Build.0 = Debug|Any CPU
		{521583C3-CFDE-4D65-A7A6-ED5D973D5A63}.Release|Any CPU.ActiveCfg = Release|Any CPU
		{521583C3-CFDE-4D65-A7A6-ED5D973D5A63}.Release|Any CPU.Build.0 = Release|Any CPU
		{521583C3-CFDE-4D65-A7A6-ED5D973D5A63}.Release|ARM.ActiveCfg = Release|Any CPU
		{521583C3-CFDE-4D65-A7A6-ED5D973D5A63}.Release|ARM.Build.0 = Release|Any CPU
		{521583C3-CFDE-4D65-A7A6-ED5D973D5A63}.Release|iPhone.ActiveCfg = Release|Any CPU
		{521583C3-CFDE-4D65-A7A6-ED5D973D5A63}.Release|iPhone.Build.0 = Release|Any CPU
		{521583C3-CFDE-4D65-A7A6-ED5D973D5A63}.Release|iPhoneSimulator.ActiveCfg = Release|Any CPU
		{521583C3-CFDE-4D65-A7A6-ED5D973D5A63}.Release|iPhoneSimulator.Build.0 = Release|Any CPU
		{521583C3-CFDE-4D65-A7A6-ED5D973D5A63}.Release|x64.ActiveCfg = Release|Any CPU
		{521583C3-CFDE-4D65-A7A6-ED5D973D5A63}.Release|x64.Build.0 = Release|Any CPU
		{521583C3-CFDE-4D65-A7A6-ED5D973D5A63}.Release|x86.ActiveCfg = Release|Any CPU
		{521583C3-CFDE-4D65-A7A6-ED5D973D5A63}.Release|x86.Build.0 = Release|Any CPU
	EndGlobalSection
	GlobalSection(SolutionProperties) = preSolution
		HideSolutionNode = FALSE
	EndGlobalSection
	GlobalSection(NestedProjects) = preSolution
		{D958D88E-F4F1-4408-9AC3-85A812FE714A} = {04E347D4-FA28-4AA7-8CE2-EE2C90EA3B4D}
		{C3B0BA01-E3DA-4A6F-AA09-3CDEACDB2C44} = {04E347D4-FA28-4AA7-8CE2-EE2C90EA3B4D}
		{4C322AD8-3062-4EB5-8E2E-7E5E83829D25} = {04E347D4-FA28-4AA7-8CE2-EE2C90EA3B4D}
		{521583C3-CFDE-4D65-A7A6-ED5D973D5A63} = {04E347D4-FA28-4AA7-8CE2-EE2C90EA3B4D}
	EndGlobalSection
	GlobalSection(ExtensibilityGlobals) = postSolution
		SolutionGuid = {B03FD755-4904-4012-A5CA-DA3B1A27A137}
	EndGlobalSection
EndGlobal
